{
  "lockfileVersion": 1,
  "workspaces": {
    "": {
      "name": "react-use-get-size",
      "dependencies": {
        "react": "^19.1.0",
      },
    },
  },
  "packages": {
    "react": ["react@19.1.0", "", {}, "sha512-FS+XFBNvn3GTAWq26joslQgWNoFu08F4kl0J4CgdNKADkdSGXQyTCnKteIAJy96Br6YbpEU1LSzV5dYtjMkMDg=="],
  }
}
